
Microsoft Visual Studio Solution File, Format Version 12.00
# Visual Studio Version 16
VisualStudioVersion = 16.0.810.6
MinimumVisualStudioVersion = 10.0.40219.1
Project("{FAE04EC0-301F-11D3-BF4B-00C04F79EFBC}") = "MadLib1", "MadLib1\MadLib1.csproj", "{EC84ABE1-677F-4D4D-90B0-ACD3F7DB83B0}"
EndProject
Global
	GlobalSection(SolutionConfigurationPlatforms) = preSolution
		Debug|anycpu = Debug|anycpu
		Release|anycpu = Release|anycpu
	EndGlobalSection
	GlobalSection(ProjectConfigurationPlatforms) = postSolution
		{EC84ABE1-677F-4D4D-90B0-ACD3F7DB83B0}.Debug|anycpu.ActiveCfg = Debug|anycpu
		{EC84ABE1-677F-4D4D-90B0-ACD3F7DB83B0}.Debug|anycpu.Build.0 = Debug|anycpu
		{EC84ABE1-677F-4D4D-90B0-ACD3F7DB83B0}.Release|anycpu.ActiveCfg = Release|anycpu
		{EC84ABE1-677F-4D4D-90B0-ACD3F7DB83B0}.Release|anycpu.Build.0 = Release|anycpu
	EndGlobalSection
	GlobalSection(SolutionProperties) = preSolution
		HideSolutionNode = FALSE
	EndGlobalSection
	GlobalSection(ExtensibilityGlobals) = postSolution
		SolutionGuid = {939DD1F8-D027-49EC-A5C0-4B377C51414A}
	EndGlobalSection
EndGlobal
